
Microsoft Visual Studio Solution File, Format Version 12.00
# Visual Studio Version 17
VisualStudioVersion = 17.2.32630.192
MinimumVisualStudioVersion = 10.0.40219.1
Project("{FAE04EC0-301F-11D3-BF4B-00C04F79EFBC}") = "ScriptManagement", "ScriptManagement\ScriptManagement.csproj", "{39E73DAF-70A9-41A6-A001-F3531D30E7D7}"
EndProject
Project("{FAE04EC0-301F-11D3-BF4B-00C04F79EFBC}") = "AJLibrary", "AJLibrary\AJLibrary.csproj", "{2A2E990A-FDD8-4EF8-9C46-46D2D8D83E3B}"
EndProject
Project("{FAE04EC0-301F-11D3-BF4B-00C04F79EFBC}") = "ImageToIco", "ImageToIco\ImageToIco.csproj", "{A4E92ABC-18C2-4346-AC0C-E937DDD567C9}"
EndProject
Project("{FAE04EC0-301F-11D3-BF4B-00C04F79EFBC}") = "test", "test\test.csproj", "{0000A86E-18D4-438D-B2A8-2611023C07E0}"
EndProject
Project("{FAE04EC0-301F-11D3-BF4B-00C04F79EFBC}") = "RemoteDeskTop", "RemoteDeskTop\RemoteDeskTop.csproj", "{A210705A-2A3D-4961-9DB5-3A3F6283BADE}"
EndProject
Project("{FAE04EC0-301F-11D3-BF4B-00C04F79EFBC}") = "RemoteSever", "RemoteSever\RemoteSever.csproj", "{677501C4-C226-4146-A2E0-6E88B28D1A09}"
EndProject
Project("{FAE04EC0-301F-11D3-BF4B-00C04F79EFBC}") = "RemoteClient", "RemoteClient\RemoteClient.csproj", "{46BEF05B-F13F-4F00-A837-C18DF7A1C1D0}"
EndProject
Global
	GlobalSection(SolutionConfigurationPlatforms) = preSolution
		Debug|Any CPU = Debug|Any CPU
		Release|Any CPU = Release|Any CPU
	EndGlobalSection
	GlobalSection(ProjectConfigurationPlatforms) = postSolution
		{39E73DAF-70A9-41A6-A001-F3531D30E7D7}.Debug|Any CPU.ActiveCfg = Debug|Any CPU
		{39E73DAF-70A9-41A6-A001-F3531D30E7D7}.Debug|Any CPU.Build.0 = Debug|Any CPU
		{39E73DAF-70A9-41A6-A001-F3531D30E7D7}.Release|Any CPU.ActiveCfg = Release|Any CPU
		{39E73DAF-70A9-41A6-A001-F3531D30E7D7}.Release|Any CPU.Build.0 = Release|Any CPU
		{2A2E990A-FDD8-4EF8-9C46-46D2D8D83E3B}.Debug|Any CPU.ActiveCfg = Debug|Any CPU
		{2A2E990A-FDD8-4EF8-9C46-46D2D8D83E3B}.Debug|Any CPU.Build.0 = Debug|Any CPU
		{2A2E990A-FDD8-4EF8-9C46-46D2D8D83E3B}.Release|Any CPU.ActiveCfg = Release|Any CPU
		{2A2E990A-FDD8-4EF8-9C46-46D2D8D83E3B}.Release|Any CPU.Build.0 = Release|Any CPU
		{A4E92ABC-18C2-4346-AC0C-E937DDD567C9}.Debug|Any CPU.ActiveCfg = Debug|Any CPU
		{A4E92ABC-18C2-4346-AC0C-E937DDD567C9}.Debug|Any CPU.Build.0 = Debug|Any CPU
		{A4E92ABC-18C2-4346-AC0C-E937DDD567C9}.Release|Any CPU.ActiveCfg = Release|Any CPU
		{A4E92ABC-18C2-4346-AC0C-E937DDD567C9}.Release|Any CPU.Build.0 = Release|Any CPU
		{0000A86E-18D4-438D-B2A8-2611023C07E0}.Debug|Any CPU.ActiveCfg = Debug|Any CPU
		{0000A86E-18D4-438D-B2A8-2611023C07E0}.Debug|Any CPU.Build.0 = Debug|Any CPU
		{0000A86E-18D4-438D-B2A8-2611023C07E0}.Release|Any CPU.ActiveCfg = Release|Any CPU
		{0000A86E-18D4-438D-B2A8-2611023C07E0}.Release|Any CPU.Build.0 = Release|Any CPU
		{A210705A-2A3D-4961-9DB5-3A3F6283BADE}.Debug|Any CPU.ActiveCfg = Debug|Any CPU
		{A210705A-2A3D-4961-9DB5-3A3F6283BADE}.Debug|Any CPU.Build.0 = Debug|Any CPU
		{A210705A-2A3D-4961-9DB5-3A3F6283BADE}.Release|Any CPU.ActiveCfg = Release|Any CPU
		{A210705A-2A3D-4961-9DB5-3A3F6283BADE}.Release|Any CPU.Build.0 = Release|Any CPU
		{677501C4-C226-4146-A2E0-6E88B28D1A09}.Debug|Any CPU.ActiveCfg = Debug|Any CPU
		{677501C4-C226-4146-A2E0-6E88B28D1A09}.Debug|Any CPU.Build.0 = Debug|Any CPU
		{677501C4-C226-4146-A2E0-6E88B28D1A09}.Release|Any CPU.ActiveCfg = Release|Any CPU
		{677501C4-C226-4146-A2E0-6E88B28D1A09}.Release|Any CPU.Build.0 = Release|Any CPU
		{46BEF05B-F13F-4F00-A837-C18DF7A1C1D0}.Debug|Any CPU.ActiveCfg = Debug|Any CPU
		{46BEF05B-F13F-4F00-A837-C18DF7A1C1D0}.Debug|Any CPU.Build.0 = Debug|Any CPU
		{46BEF05B-F13F-4F00-A837-C18DF7A1C1D0}.Release|Any CPU.ActiveCfg = Release|Any CPU
		{46BEF05B-F13F-4F00-A837-C18DF7A1C1D0}.Release|Any CPU.Build.0 = Release|Any CPU
	EndGlobalSection
	GlobalSection(SolutionProperties) = preSolution
		HideSolutionNode = FALSE
	EndGlobalSection
	GlobalSection(ExtensibilityGlobals) = postSolution
		SolutionGuid = {AB46ECE3-E045-44EE-8EE5-1325F676A62E}
	EndGlobalSection
EndGlobal
